
Microsoft Visual Studio Solution File, Format Version 12.00
# Visual Studio Version 16
VisualStudioVersion = 16.0.31729.503
MinimumVisualStudioVersion = 10.0.40219.1
Project("{9A19103F-16F7-4668-BE54-9A1E7A4F7556}") = "IdeventAdminstrationBlazorServer", "IdeventAdminstrationBlazorServer\IdeventAdminstrationBlazorServer.csproj", "{C4CE8A7C-F11A-4121-ACD1-C055E4EFF9EF}"
EndProject
Project("{9A19103F-16F7-4668-BE54-9A1E7A4F7556}") = "IdeventAPI", "IdeventAPI\IdeventAPI.csproj", "{AAD0357B-674D-4FFF-9EF0-451A2C402526}"
EndProject
Global
	GlobalSection(SolutionConfigurationPlatforms) = preSolution
		Debug|Any CPU = Debug|Any CPU
		Release|Any CPU = Release|Any CPU
	EndGlobalSection
	GlobalSection(ProjectConfigurationPlatforms) = postSolution
		{C4CE8A7C-F11A-4121-ACD1-C055E4EFF9EF}.Debug|Any CPU.ActiveCfg = Debug|Any CPU
		{C4CE8A7C-F11A-4121-ACD1-C055E4EFF9EF}.Debug|Any CPU.Build.0 = Debug|Any CPU
		{C4CE8A7C-F11A-4121-ACD1-C055E4EFF9EF}.Release|Any CPU.ActiveCfg = Release|Any CPU
		{C4CE8A7C-F11A-4121-ACD1-C055E4EFF9EF}.Release|Any CPU.Build.0 = Release|Any CPU
		{AAD0357B-674D-4FFF-9EF0-451A2C402526}.Debug|Any CPU.ActiveCfg = Debug|Any CPU
		{AAD0357B-674D-4FFF-9EF0-451A2C402526}.Debug|Any CPU.Build.0 = Debug|Any CPU
		{AAD0357B-674D-4FFF-9EF0-451A2C402526}.Release|Any CPU.ActiveCfg = Release|Any CPU
		{AAD0357B-674D-4FFF-9EF0-451A2C402526}.Release|Any CPU.Build.0 = Release|Any CPU
	EndGlobalSection
	GlobalSection(SolutionProperties) = preSolution
		HideSolutionNode = FALSE
	EndGlobalSection
	GlobalSection(ExtensibilityGlobals) = postSolution
		SolutionGuid = {E668F2F7-C3B0-4733-AF21-9EBD7C7D31AE}
	EndGlobalSection
EndGlobal
