
Microsoft Visual Studio Solution File, Format Version 12.00
# Visual Studio Version 17
VisualStudioVersion = 17.0.31903.59
MinimumVisualStudioVersion = 10.0.40219.1
Project("{9A19103F-16F7-4668-BE54-9A1E7A4F7556}") = "IdeventAPI", "IdeventAPI\IdeventAPI.csproj", "{AAD0357B-674D-4FFF-9EF0-451A2C402526}"
EndProject
Project("{9A19103F-16F7-4668-BE54-9A1E7A4F7556}") = "IdeventAdminBlazorServer", "IdeventAdminBlazorServer\IdeventAdminBlazorServer.csproj", "{5A5B0379-A493-4C9C-A5DB-5A2852AFB7DC}"
EndProject
Project("{00D1A9C2-B5F0-4AF3-8072-F6C62B433612}") = "IdeventSQLServerTemplate", "IdeventSQLServerTemplate\IdeventSQLServerTemplate.sqlproj", "{6163ECA5-3D30-4201-B7F6-BFFC1C1205A2}"
EndProject
Project("{9A19103F-16F7-4668-BE54-9A1E7A4F7556}") = "IdeventTests", "IdeventTests\IdeventTests.csproj", "{C2769330-A339-4F67-85E9-3ED11914F160}"
EndProject
Project("{9A19103F-16F7-4668-BE54-9A1E7A4F7556}") = "SignalRPOC", "SignalRPOC\SignalRPOC.csproj", "{73C6ED18-B0F0-49AC-9784-333FF6CAC20D}"
EndProject
Project("{9A19103F-16F7-4668-BE54-9A1E7A4F7556}") = "IdeventLibrary", "IdeventLibrary\IdeventLibrary.csproj", "{E9ED3671-F64D-4E06-8D34-1EC229783440}"
EndProject
Global
	GlobalSection(SolutionConfigurationPlatforms) = preSolution
		Debug|Any CPU = Debug|Any CPU
		Release|Any CPU = Release|Any CPU
	EndGlobalSection
	GlobalSection(ProjectConfigurationPlatforms) = postSolution
		{AAD0357B-674D-4FFF-9EF0-451A2C402526}.Debug|Any CPU.ActiveCfg = Debug|Any CPU
		{AAD0357B-674D-4FFF-9EF0-451A2C402526}.Debug|Any CPU.Build.0 = Debug|Any CPU
		{AAD0357B-674D-4FFF-9EF0-451A2C402526}.Release|Any CPU.ActiveCfg = Release|Any CPU
		{AAD0357B-674D-4FFF-9EF0-451A2C402526}.Release|Any CPU.Build.0 = Release|Any CPU
		{5A5B0379-A493-4C9C-A5DB-5A2852AFB7DC}.Debug|Any CPU.ActiveCfg = Debug|Any CPU
		{5A5B0379-A493-4C9C-A5DB-5A2852AFB7DC}.Debug|Any CPU.Build.0 = Debug|Any CPU
		{5A5B0379-A493-4C9C-A5DB-5A2852AFB7DC}.Release|Any CPU.ActiveCfg = Release|Any CPU
		{5A5B0379-A493-4C9C-A5DB-5A2852AFB7DC}.Release|Any CPU.Build.0 = Release|Any CPU
		{6163ECA5-3D30-4201-B7F6-BFFC1C1205A2}.Debug|Any CPU.ActiveCfg = Debug|Any CPU
		{6163ECA5-3D30-4201-B7F6-BFFC1C1205A2}.Debug|Any CPU.Build.0 = Debug|Any CPU
		{6163ECA5-3D30-4201-B7F6-BFFC1C1205A2}.Debug|Any CPU.Deploy.0 = Debug|Any CPU
		{6163ECA5-3D30-4201-B7F6-BFFC1C1205A2}.Release|Any CPU.ActiveCfg = Release|Any CPU
		{6163ECA5-3D30-4201-B7F6-BFFC1C1205A2}.Release|Any CPU.Build.0 = Release|Any CPU
		{6163ECA5-3D30-4201-B7F6-BFFC1C1205A2}.Release|Any CPU.Deploy.0 = Release|Any CPU
		{C2769330-A339-4F67-85E9-3ED11914F160}.Debug|Any CPU.ActiveCfg = Debug|Any CPU
		{C2769330-A339-4F67-85E9-3ED11914F160}.Debug|Any CPU.Build.0 = Debug|Any CPU
		{C2769330-A339-4F67-85E9-3ED11914F160}.Release|Any CPU.ActiveCfg = Release|Any CPU
		{C2769330-A339-4F67-85E9-3ED11914F160}.Release|Any CPU.Build.0 = Release|Any CPU
		{73C6ED18-B0F0-49AC-9784-333FF6CAC20D}.Debug|Any CPU.ActiveCfg = Debug|Any CPU
		{73C6ED18-B0F0-49AC-9784-333FF6CAC20D}.Debug|Any CPU.Build.0 = Debug|Any CPU
		{73C6ED18-B0F0-49AC-9784-333FF6CAC20D}.Release|Any CPU.ActiveCfg = Release|Any CPU
		{73C6ED18-B0F0-49AC-9784-333FF6CAC20D}.Release|Any CPU.Build.0 = Release|Any CPU
		{E9ED3671-F64D-4E06-8D34-1EC229783440}.Debug|Any CPU.ActiveCfg = Debug|Any CPU
		{E9ED3671-F64D-4E06-8D34-1EC229783440}.Debug|Any CPU.Build.0 = Debug|Any CPU
		{E9ED3671-F64D-4E06-8D34-1EC229783440}.Release|Any CPU.ActiveCfg = Release|Any CPU
		{E9ED3671-F64D-4E06-8D34-1EC229783440}.Release|Any CPU.Build.0 = Release|Any CPU
	EndGlobalSection
	GlobalSection(SolutionProperties) = preSolution
		HideSolutionNode = FALSE
	EndGlobalSection
	GlobalSection(ExtensibilityGlobals) = postSolution
		SolutionGuid = {E668F2F7-C3B0-4733-AF21-9EBD7C7D31AE}
	EndGlobalSection
EndGlobal
